
Microsoft Visual Studio Solution File, Format Version 12.00
# Visual Studio Version 17
VisualStudioVersion = 17.3.32922.545
MinimumVisualStudioVersion = 10.0.40219.1
Project("{FAE04EC0-301F-11D3-BF4B-00C04F79EFBC}") = "assign_oop_5", "assign_oop_5.csproj", "{8E530FE3-F56C-4496-8BD8-04EB3DB828CA}"
EndProject
Global
	GlobalSection(SolutionConfigurationPlatforms) = preSolution
		Debug|Any CPU = Debug|Any CPU
		Release|Any CPU = Release|Any CPU
	EndGlobalSection
	GlobalSection(ProjectConfigurationPlatforms) = postSolution
		{8E530FE3-F56C-4496-8BD8-04EB3DB828CA}.Debug|Any CPU.ActiveCfg = Debug|Any CPU
		{8E530FE3-F56C-4496-8BD8-04EB3DB828CA}.Debug|Any CPU.Build.0 = Debug|Any CPU
		{8E530FE3-F56C-4496-8BD8-04EB3DB828CA}.Release|Any CPU.ActiveCfg = Release|Any CPU
		{8E530FE3-F56C-4496-8BD8-04EB3DB828CA}.Release|Any CPU.Build.0 = Release|Any CPU
	EndGlobalSection
	GlobalSection(SolutionProperties) = preSolution
		HideSolutionNode = FALSE
	EndGlobalSection
	GlobalSection(ExtensibilityGlobals) = postSolution
		SolutionGuid = {82CB1F6D-367E-4F31-95E3-C7DCE93FAB90}
	EndGlobalSection
EndGlobal
